
Microsoft Visual Studio Solution File, Format Version 11.00
# Visual Studio 2010
Project("{FAE04EC0-301F-11D3-BF4B-00C04F79EFBC}") = "HuggingFaceAPI", "HuggingFaceAPI.csproj", "{b49ecf84-2f3e-28f3-7fbb-42fe0e1cb298}"
EndProject
Project("{FAE04EC0-301F-11D3-BF4B-00C04F79EFBC}") = "Assembly-CSharp", "Assembly-CSharp.csproj", "{29d9dcc1-6d53-1c1e-e763-a7f35e62d7f8}"
EndProject
Project("{FAE04EC0-301F-11D3-BF4B-00C04F79EFBC}") = "HuggingFaceAPI.Editor", "HuggingFaceAPI.Editor.csproj", "{2ab28a9d-679b-cc74-6717-2d512f5dbd46}"
EndProject
Global
	GlobalSection(SolutionConfigurationPlatforms) = preSolution
		Debug|Any CPU = Debug|Any CPU
	EndGlobalSection
	GlobalSection(ProjectConfigurationPlatforms) = postSolution
		{b49ecf84-2f3e-28f3-7fbb-42fe0e1cb298}.Debug|Any CPU.ActiveCfg = Debug|Any CPU
		{b49ecf84-2f3e-28f3-7fbb-42fe0e1cb298}.Debug|Any CPU.Build.0 = Debug|Any CPU
		{29d9dcc1-6d53-1c1e-e763-a7f35e62d7f8}.Debug|Any CPU.ActiveCfg = Debug|Any CPU
		{29d9dcc1-6d53-1c1e-e763-a7f35e62d7f8}.Debug|Any CPU.Build.0 = Debug|Any CPU
		{2ab28a9d-679b-cc74-6717-2d512f5dbd46}.Debug|Any CPU.ActiveCfg = Debug|Any CPU
		{2ab28a9d-679b-cc74-6717-2d512f5dbd46}.Debug|Any CPU.Build.0 = Debug|Any CPU
	EndGlobalSection
	GlobalSection(SolutionProperties) = preSolution
		HideSolutionNode = FALSE
	EndGlobalSection
EndGlobal
